
Microsoft Visual Studio Solution File, Format Version 12.00
# Visual Studio Version 16
VisualStudioVersion = 16.0.30907.101
MinimumVisualStudioVersion = 10.0.40219.1
Project("{9A19103F-16F7-4668-BE54-9A1E7A4F7556}") = "FindArt.Api", "FindArt.Api\FindArt.Api.csproj", "{C456869D-5B5B-4642-8D0C-95F30E2131DB}"
EndProject
Project("{FAE04EC0-301F-11D3-BF4B-00C04F79EFBC}") = "FindArt.Services", "FindArt.Services\FindArt.Services.csproj", "{D9141F6F-573A-4F08-98BB-401D5DBFD468}"
EndProject
Project("{FAE04EC0-301F-11D3-BF4B-00C04F79EFBC}") = "FindArt.DataAccess", "FindArt.DataAccess\FindArt.DataAccess.csproj", "{2F1E080B-1581-4B78-A5D3-41451BF51201}"
EndProject
Project("{FAE04EC0-301F-11D3-BF4B-00C04F79EFBC}") = "FindArt.Core", "FindArt.Core\FindArt.Core.csproj", "{BCD87D51-F185-4AB8-9E72-6D72B9BB7450}"
EndProject
Project("{FAE04EC0-301F-11D3-BF4B-00C04F79EFBC}") = "FindArt.Root", "FindArt.Root\FindArt.Root.csproj", "{5E476255-8150-4BD9-B9D1-6A9C1ADD7960}"
EndProject
Global
	GlobalSection(SolutionConfigurationPlatforms) = preSolution
		Debug|Any CPU = Debug|Any CPU
		Release|Any CPU = Release|Any CPU
	EndGlobalSection
	GlobalSection(ProjectConfigurationPlatforms) = postSolution
		{C456869D-5B5B-4642-8D0C-95F30E2131DB}.Debug|Any CPU.ActiveCfg = Debug|Any CPU
		{C456869D-5B5B-4642-8D0C-95F30E2131DB}.Debug|Any CPU.Build.0 = Debug|Any CPU
		{C456869D-5B5B-4642-8D0C-95F30E2131DB}.Release|Any CPU.ActiveCfg = Release|Any CPU
		{C456869D-5B5B-4642-8D0C-95F30E2131DB}.Release|Any CPU.Build.0 = Release|Any CPU
		{D9141F6F-573A-4F08-98BB-401D5DBFD468}.Debug|Any CPU.ActiveCfg = Debug|Any CPU
		{D9141F6F-573A-4F08-98BB-401D5DBFD468}.Debug|Any CPU.Build.0 = Debug|Any CPU
		{D9141F6F-573A-4F08-98BB-401D5DBFD468}.Release|Any CPU.ActiveCfg = Release|Any CPU
		{D9141F6F-573A-4F08-98BB-401D5DBFD468}.Release|Any CPU.Build.0 = Release|Any CPU
		{2F1E080B-1581-4B78-A5D3-41451BF51201}.Debug|Any CPU.ActiveCfg = Debug|Any CPU
		{2F1E080B-1581-4B78-A5D3-41451BF51201}.Debug|Any CPU.Build.0 = Debug|Any CPU
		{2F1E080B-1581-4B78-A5D3-41451BF51201}.Release|Any CPU.ActiveCfg = Release|Any CPU
		{2F1E080B-1581-4B78-A5D3-41451BF51201}.Release|Any CPU.Build.0 = Release|Any CPU
		{BCD87D51-F185-4AB8-9E72-6D72B9BB7450}.Debug|Any CPU.ActiveCfg = Debug|Any CPU
		{BCD87D51-F185-4AB8-9E72-6D72B9BB7450}.Debug|Any CPU.Build.0 = Debug|Any CPU
		{BCD87D51-F185-4AB8-9E72-6D72B9BB7450}.Release|Any CPU.ActiveCfg = Release|Any CPU
		{BCD87D51-F185-4AB8-9E72-6D72B9BB7450}.Release|Any CPU.Build.0 = Release|Any CPU
		{5E476255-8150-4BD9-B9D1-6A9C1ADD7960}.Debug|Any CPU.ActiveCfg = Debug|Any CPU
		{5E476255-8150-4BD9-B9D1-6A9C1ADD7960}.Debug|Any CPU.Build.0 = Debug|Any CPU
		{5E476255-8150-4BD9-B9D1-6A9C1ADD7960}.Release|Any CPU.ActiveCfg = Release|Any CPU
		{5E476255-8150-4BD9-B9D1-6A9C1ADD7960}.Release|Any CPU.Build.0 = Release|Any CPU
	EndGlobalSection
	GlobalSection(SolutionProperties) = preSolution
		HideSolutionNode = FALSE
	EndGlobalSection
	GlobalSection(ExtensibilityGlobals) = postSolution
		SolutionGuid = {A282B308-B977-4355-B071-5CF19095599B}
	EndGlobalSection
EndGlobal
